{
  "version": 4,
  "terraform_version": "1.9.4",
  "serial": 1,
  "lineage": "f92af68c-462e-b59c-89a4-2469f8d4dad8",
  "outputs": {},
  "resources": [
    {
      "mode": "managed",
      "type": "spotify_playlist",
      "name": "Hindi",
      "provider": "provider[\"registry.terraform.io/conradludgate/spotify\"]",
      "instances": [
        {
          "schema_version": 0,
          "attributes": {
            "description": "This is Sathira's Hindi Playlist",
            "id": "4ytlSrOHJnsvcjja4EEf6x",
            "name": "Hindi",
            "public": true,
            "snapshot_id": "AAAAAneie45ZRCgIU+9qaK23oVGif2pq",
            "tracks": [
              "5bQ6oDLqvw8tywmnSmwEyL",
              "56zZ48jdyY2oDXHVnwg5Di",
              "3hkC9EHFZNQPXrtl8WPHnX",
              "6VBhH7CyP56BXjp8VsDFPZ"
            ]
          },
          "sensitive_attributes": [],
          "private": "bnVsbA=="
        }
      ]
    }
  ],
  "check_results": null
}
